
Microsoft Visual Studio Solution File, Format Version 12.00
# Visual Studio 2012
Project("{FAE04EC0-301F-11D3-BF4B-00C04F79EFBC}") = "Resource File Translator", "Resource File Translator\Resource File Translator.csproj", "{E5BCDDB9-4F82-4060-AE06-6676E8206B6A}"
EndProject
Global
	GlobalSection(SolutionConfigurationPlatforms) = preSolution
		Debug|Any CPU = Debug|Any CPU
		Release|Any CPU = Release|Any CPU
	EndGlobalSection
	GlobalSection(ProjectConfigurationPlatforms) = postSolution
		{E5BCDDB9-4F82-4060-AE06-6676E8206B6A}.Debug|Any CPU.ActiveCfg = Debug|Any CPU
		{E5BCDDB9-4F82-4060-AE06-6676E8206B6A}.Debug|Any CPU.Build.0 = Debug|Any CPU
		{E5BCDDB9-4F82-4060-AE06-6676E8206B6A}.Release|Any CPU.ActiveCfg = Release|Any CPU
		{E5BCDDB9-4F82-4060-AE06-6676E8206B6A}.Release|Any CPU.Build.0 = Release|Any CPU
	EndGlobalSection
	GlobalSection(SolutionProperties) = preSolution
		HideSolutionNode = FALSE
	EndGlobalSection
EndGlobal
